<Solution>
  <Project Path="Convai.Sample.MultiCharacter.Tests.EditMode.csproj" />
  <Project Path="Convai.Runtime.csproj" />
  <Project Path="Convai.Tests.EditMode.csproj" />
  <Project Path="Convai.Modules.BodyLanguage.csproj" />
  <Project Path="Convai.Editor.csproj" />
  <Project Path="Convai.Modules.Emotion.csproj" />
  <Project Path="Convai.Modules.BodyAnimation.csproj" />
  <Project Path="LiveKit.csproj" />
  <Project Path="Convai.CharacterApi.Contracts.csproj" />
  <Project Path="Convai.Modules.ConversationFlow.csproj" />
  <Project Path="Convai.Runtime.UI.csproj" />
  <Project Path="Convai.Domain.csproj" />
  <Project Path="Convai.Editor.Embodiment.csproj" />
  <Project Path="Convai.Modules.LipSync.csproj" />
  <Project Path="Convai.Modules.Narrative.Editor.AI.csproj" />
  <Project Path="Convai.Editor.AI.csproj" />
  <Project Path="Convai.Modules.Gaze.csproj" />
  <Project Path="Convai.Tests.PlayMode.csproj" />
  <Project Path="Convai.Transport.WebGL.csproj" />
  <Project Path="Convai.Modules.Embodiment.csproj" />
  <Project Path="Convai.Domain.Embodiment.csproj" />
  <Project Path="Convai.Transport.Native.csproj" />
  <Project Path="Convai.Modules.Emotion.Editor.csproj" />
  <Project Path="LiveKitBridge.csproj" />
  <Project Path="Convai.Modules.ClientVoiceActivity.Sentis.csproj" />
  <Project Path="Convai.Modules.BodyAnimation.Editor.csproj" />
  <Project Path="Convai.RestAPI.csproj" />
  <Project Path="Convai.Sample.csproj" />
  <Project Path="Assembly-CSharp-Editor.csproj" />
  <Project Path="Reallusion.CCiC.Runtime.csproj" />
  <Project Path="Convai.Sample.Camera.csproj" />
  <Project Path="Convai.Modules.Gaze.Editor.csproj" />
  <Project Path="Convai.Modules.LipSync.Editor.AI.csproj" />
  <Project Path="Convai.Modules.Narrative.csproj" />
  <Project Path="Convai.Shared.Unity.csproj" />
  <Project Path="Convai.Editor.Embodiment.AI.csproj" />
  <Project Path="Convai.Tests.EditMode.AI.csproj" />
  <Project Path="Convai.Modules.Emotion.Editor.AI.csproj" />
  <Project Path="Convai.CharacterApi.Authoring.csproj" />
  <Project Path="Convai.Modules.BodyLanguage.Editor.csproj" />
  <Project Path="Convai.Modules.Vision.csproj" />
  <Project Path="Convai.Api.Transport.csproj" />
  <Project Path="Convai.Modules.BodyLanguage.Editor.AI.csproj" />
  <Project Path="Convai.CharacterApi.Runtime.csproj" />
  <Project Path="Convai.Modules.Gaze.Editor.AI.csproj" />
  <Project Path="Convai.Modules.BodyAnimation.Editor.AI.csproj" />
  <Project Path="Editor.csproj" />
  <Project Path="Convai.Sample.MultiCharacter.csproj" />
  <Project Path="Reallusion.CCiC.Editor.csproj" />
  <Project Path="Convai.CoreApi.csproj" />
  <Project Path="Assembly-CSharp.csproj" />
  <Project Path="Convai.Sample.Camera.Tests.EditMode.csproj" />
  <Project Path="Convai.PlatformApi.Legacy.csproj" />
</Solution>
